
Microsoft Visual Studio Solution File, Format Version 12.00
# Visual Studio Version 17
VisualStudioVersion = 17.5.33627.172
MinimumVisualStudioVersion = 10.0.40219.1
Project("{9A19103F-16F7-4668-BE54-9A1E7A4F7556}") = "BlazorSampleCrud.App.UI", "BlazorSampleCrud.App.UI\BlazorSampleCrud.App.UI.csproj", "{A85FB6E3-9F8E-4E7D-9F62-85E0CA001C92}"
EndProject
Project("{9A19103F-16F7-4668-BE54-9A1E7A4F7556}") = "BlazorSampleCrud.App.Api", "BlazorSampleCrud.App.Api\BlazorSampleCrud.App.Api.csproj", "{C791F30B-4F05-4AC3-978C-9FC23CAE9DC7}"
EndProject
Project("{9A19103F-16F7-4668-BE54-9A1E7A4F7556}") = "BlazorSampleCrud.DataAccessLayer", "BlazorSampleCrud.DataAccessLayer\BlazorSampleCrud.DataAccessLayer.csproj", "{384D72F7-633B-4E33-A58F-0AA0A8874D04}"
EndProject
Project("{9A19103F-16F7-4668-BE54-9A1E7A4F7556}") = "BlazorSampleCrud.Core", "BlazorSampleCrud.Core\BlazorSampleCrud.Core.csproj", "{575F7156-8D17-4FB0-8F88-1DEDAF5C009C}"
EndProject
Project("{9A19103F-16F7-4668-BE54-9A1E7A4F7556}") = "BlazorSampleCrud.App.Shread", "BlazorSampleCrud.App.Shread\BlazorSampleCrud.App.Shread.csproj", "{1E7596B2-0E1A-48D5-BB22-5A8D56A5F08C}"
EndProject
Global
	GlobalSection(SolutionConfigurationPlatforms) = preSolution
		Debug|Any CPU = Debug|Any CPU
		Release|Any CPU = Release|Any CPU
	EndGlobalSection
	GlobalSection(ProjectConfigurationPlatforms) = postSolution
		{A85FB6E3-9F8E-4E7D-9F62-85E0CA001C92}.Debug|Any CPU.ActiveCfg = Debug|Any CPU
		{A85FB6E3-9F8E-4E7D-9F62-85E0CA001C92}.Debug|Any CPU.Build.0 = Debug|Any CPU
		{A85FB6E3-9F8E-4E7D-9F62-85E0CA001C92}.Release|Any CPU.ActiveCfg = Release|Any CPU
		{A85FB6E3-9F8E-4E7D-9F62-85E0CA001C92}.Release|Any CPU.Build.0 = Release|Any CPU
		{C791F30B-4F05-4AC3-978C-9FC23CAE9DC7}.Debug|Any CPU.ActiveCfg = Debug|Any CPU
		{C791F30B-4F05-4AC3-978C-9FC23CAE9DC7}.Debug|Any CPU.Build.0 = Debug|Any CPU
		{C791F30B-4F05-4AC3-978C-9FC23CAE9DC7}.Release|Any CPU.ActiveCfg = Release|Any CPU
		{C791F30B-4F05-4AC3-978C-9FC23CAE9DC7}.Release|Any CPU.Build.0 = Release|Any CPU
		{384D72F7-633B-4E33-A58F-0AA0A8874D04}.Debug|Any CPU.ActiveCfg = Debug|Any CPU
		{384D72F7-633B-4E33-A58F-0AA0A8874D04}.Debug|Any CPU.Build.0 = Debug|Any CPU
		{384D72F7-633B-4E33-A58F-0AA0A8874D04}.Release|Any CPU.ActiveCfg = Release|Any CPU
		{384D72F7-633B-4E33-A58F-0AA0A8874D04}.Release|Any CPU.Build.0 = Release|Any CPU
		{575F7156-8D17-4FB0-8F88-1DEDAF5C009C}.Debug|Any CPU.ActiveCfg = Debug|Any CPU
		{575F7156-8D17-4FB0-8F88-1DEDAF5C009C}.Debug|Any CPU.Build.0 = Debug|Any CPU
		{575F7156-8D17-4FB0-8F88-1DEDAF5C009C}.Release|Any CPU.ActiveCfg = Release|Any CPU
		{575F7156-8D17-4FB0-8F88-1DEDAF5C009C}.Release|Any CPU.Build.0 = Release|Any CPU
		{1E7596B2-0E1A-48D5-BB22-5A8D56A5F08C}.Debug|Any CPU.ActiveCfg = Debug|Any CPU
		{1E7596B2-0E1A-48D5-BB22-5A8D56A5F08C}.Debug|Any CPU.Build.0 = Debug|Any CPU
		{1E7596B2-0E1A-48D5-BB22-5A8D56A5F08C}.Release|Any CPU.ActiveCfg = Release|Any CPU
		{1E7596B2-0E1A-48D5-BB22-5A8D56A5F08C}.Release|Any CPU.Build.0 = Release|Any CPU
	EndGlobalSection
	GlobalSection(SolutionProperties) = preSolution
		HideSolutionNode = FALSE
	EndGlobalSection
	GlobalSection(ExtensibilityGlobals) = postSolution
		SolutionGuid = {6AA54434-7143-4017-B8B5-DE54886953FF}
	EndGlobalSection
EndGlobal
